
Microsoft Visual Studio Solution File, Format Version 12.00
# Visual Studio 2013
VisualStudioVersion = 12.0.21005.1
MinimumVisualStudioVersion = 10.0.40219.1
Project("{FAE04EC0-301F-11D3-BF4B-00C04F79EFBC}") = "TA.Web", "TA.Web\TA.Web.csproj", "{1CFE7AAC-DC3B-4E72-A07D-5722C683DA3A}"
EndProject
Project("{FAE04EC0-301F-11D3-BF4B-00C04F79EFBC}") = "TA.Data", "TA.Data\TA.Data.csproj", "{41D78E8B-609C-4878-9E3C-DD36CCD768B0}"
EndProject
Project("{FAE04EC0-301F-11D3-BF4B-00C04F79EFBC}") = "TA.Business", "TA.Business\TA.Business.csproj", "{2F0C41B6-2F7B-4655-A0DF-A6B854E29736}"
EndProject
Project("{FAE04EC0-301F-11D3-BF4B-00C04F79EFBC}") = "TA.WebAPI", "TA.WebAPI\TA.WebAPI.csproj", "{A23ABADD-6EBB-4D8B-8B1B-EE6EDD9327EB}"
EndProject
Project("{FAE04EC0-301F-11D3-BF4B-00C04F79EFBC}") = "TA.WebAPI.Tests", "TA.WebAPI.Tests\TA.WebAPI.Tests.csproj", "{C622AFB4-7996-4A0B-A5CA-FB0955937347}"
EndProject
Project("{FAE04EC0-301F-11D3-BF4B-00C04F79EFBC}") = "TA.Web.Tests", "TA.Web.Tests\TA.Web.Tests.csproj", "{61336F1D-A984-4361-B01D-1AF7565B997F}"
EndProject
Global
	GlobalSection(SolutionConfigurationPlatforms) = preSolution
		Debug|Any CPU = Debug|Any CPU
		Release|Any CPU = Release|Any CPU
	EndGlobalSection
	GlobalSection(ProjectConfigurationPlatforms) = postSolution
		{1CFE7AAC-DC3B-4E72-A07D-5722C683DA3A}.Debug|Any CPU.ActiveCfg = Debug|Any CPU
		{1CFE7AAC-DC3B-4E72-A07D-5722C683DA3A}.Debug|Any CPU.Build.0 = Debug|Any CPU
		{1CFE7AAC-DC3B-4E72-A07D-5722C683DA3A}.Release|Any CPU.ActiveCfg = Release|Any CPU
		{1CFE7AAC-DC3B-4E72-A07D-5722C683DA3A}.Release|Any CPU.Build.0 = Release|Any CPU
		{41D78E8B-609C-4878-9E3C-DD36CCD768B0}.Debug|Any CPU.ActiveCfg = Debug|Any CPU
		{41D78E8B-609C-4878-9E3C-DD36CCD768B0}.Debug|Any CPU.Build.0 = Debug|Any CPU
		{41D78E8B-609C-4878-9E3C-DD36CCD768B0}.Release|Any CPU.ActiveCfg = Release|Any CPU
		{41D78E8B-609C-4878-9E3C-DD36CCD768B0}.Release|Any CPU.Build.0 = Release|Any CPU
		{2F0C41B6-2F7B-4655-A0DF-A6B854E29736}.Debug|Any CPU.ActiveCfg = Debug|Any CPU
		{2F0C41B6-2F7B-4655-A0DF-A6B854E29736}.Debug|Any CPU.Build.0 = Debug|Any CPU
		{2F0C41B6-2F7B-4655-A0DF-A6B854E29736}.Release|Any CPU.ActiveCfg = Release|Any CPU
		{2F0C41B6-2F7B-4655-A0DF-A6B854E29736}.Release|Any CPU.Build.0 = Release|Any CPU
		{A23ABADD-6EBB-4D8B-8B1B-EE6EDD9327EB}.Debug|Any CPU.ActiveCfg = Debug|Any CPU
		{A23ABADD-6EBB-4D8B-8B1B-EE6EDD9327EB}.Debug|Any CPU.Build.0 = Debug|Any CPU
		{A23ABADD-6EBB-4D8B-8B1B-EE6EDD9327EB}.Release|Any CPU.ActiveCfg = Release|Any CPU
		{A23ABADD-6EBB-4D8B-8B1B-EE6EDD9327EB}.Release|Any CPU.Build.0 = Release|Any CPU
		{C622AFB4-7996-4A0B-A5CA-FB0955937347}.Debug|Any CPU.ActiveCfg = Debug|Any CPU
		{C622AFB4-7996-4A0B-A5CA-FB0955937347}.Debug|Any CPU.Build.0 = Debug|Any CPU
		{C622AFB4-7996-4A0B-A5CA-FB0955937347}.Release|Any CPU.ActiveCfg = Release|Any CPU
		{C622AFB4-7996-4A0B-A5CA-FB0955937347}.Release|Any CPU.Build.0 = Release|Any CPU
		{61336F1D-A984-4361-B01D-1AF7565B997F}.Debug|Any CPU.ActiveCfg = Debug|Any CPU
		{61336F1D-A984-4361-B01D-1AF7565B997F}.Debug|Any CPU.Build.0 = Debug|Any CPU
		{61336F1D-A984-4361-B01D-1AF7565B997F}.Release|Any CPU.ActiveCfg = Release|Any CPU
		{61336F1D-A984-4361-B01D-1AF7565B997F}.Release|Any CPU.Build.0 = Release|Any CPU
	EndGlobalSection
	GlobalSection(SolutionProperties) = preSolution
		HideSolutionNode = FALSE
	EndGlobalSection
EndGlobal
